
Microsoft Visual Studio Solution File, Format Version 12.00
# Visual Studio Version 17
VisualStudioVersion = 17.0.32112.339
MinimumVisualStudioVersion = 10.0.40219.1
Project("{FAE04EC0-301F-11D3-BF4B-00C04F79EFBC}") = "KCTechStore", "KCTechStore\KCTechStore.csproj", "{A10AE198-0831-4062-9813-A027DFBF088A}"
EndProject
Global
	GlobalSection(SolutionConfigurationPlatforms) = preSolution
		Debug|Any CPU = Debug|Any CPU
		Release|Any CPU = Release|Any CPU
	EndGlobalSection
	GlobalSection(ProjectConfigurationPlatforms) = postSolution
		{A10AE198-0831-4062-9813-A027DFBF088A}.Debug|Any CPU.ActiveCfg = Debug|Any CPU
		{A10AE198-0831-4062-9813-A027DFBF088A}.Debug|Any CPU.Build.0 = Debug|Any CPU
		{A10AE198-0831-4062-9813-A027DFBF088A}.Release|Any CPU.ActiveCfg = Release|Any CPU
		{A10AE198-0831-4062-9813-A027DFBF088A}.Release|Any CPU.Build.0 = Release|Any CPU
	EndGlobalSection
	GlobalSection(SolutionProperties) = preSolution
		HideSolutionNode = FALSE
	EndGlobalSection
	GlobalSection(ExtensibilityGlobals) = postSolution
		SolutionGuid = {A20094ED-DD03-4FD1-BEDA-2628FDE5EA28}
	EndGlobalSection
EndGlobal
